
Microsoft Visual Studio Solution File, Format Version 12.00
# Visual Studio Version 17
VisualStudioVersion = 17.9.34728.123
MinimumVisualStudioVersion = 10.0.40219.1
Project("{FAE04EC0-301F-11D3-BF4B-00C04F79EFBC}") = "SalesWebApp", "SalesWebApp\SalesWebApp.csproj", "{16A1D0FC-BF87-4DDD-BADB-F234B83B57EB}"
EndProject
Global
	GlobalSection(SolutionConfigurationPlatforms) = preSolution
		Debug|Any CPU = Debug|Any CPU
		Release|Any CPU = Release|Any CPU
	EndGlobalSection
	GlobalSection(ProjectConfigurationPlatforms) = postSolution
		{16A1D0FC-BF87-4DDD-BADB-F234B83B57EB}.Debug|Any CPU.ActiveCfg = Debug|Any CPU
		{16A1D0FC-BF87-4DDD-BADB-F234B83B57EB}.Debug|Any CPU.Build.0 = Debug|Any CPU
		{16A1D0FC-BF87-4DDD-BADB-F234B83B57EB}.Release|Any CPU.ActiveCfg = Release|Any CPU
		{16A1D0FC-BF87-4DDD-BADB-F234B83B57EB}.Release|Any CPU.Build.0 = Release|Any CPU
	EndGlobalSection
	GlobalSection(SolutionProperties) = preSolution
		HideSolutionNode = FALSE
	EndGlobalSection
	GlobalSection(ExtensibilityGlobals) = postSolution
		SolutionGuid = {7DDF5D3B-616E-4175-A574-30244848AFC3}
	EndGlobalSection
EndGlobal
